
Microsoft Visual Studio Solution File, Format Version 12.00
# Visual Studio Version 16
VisualStudioVersion = 16.0.30907.101
MinimumVisualStudioVersion = 10.0.40219.1
Project("{FAE04EC0-301F-11D3-BF4B-00C04F79EFBC}") = "CodeAnalyzer", "CodeAnalyzer.csproj", "{4FD045B7-E8E6-4938-8E8C-509B0ECA86D8}"
EndProject
Project("{FAE04EC0-301F-11D3-BF4B-00C04F79EFBC}") = "CodeAnalyzerTests", "Tests\CodeAnalyzerTests\CodeAnalyzerTests.csproj", "{0C75DE1E-9B9C-41A6-974A-0E6B287134CE}"
EndProject
Project("{FAE04EC0-301F-11D3-BF4B-00C04F79EFBC}") = "CodeAnalyzerUI", "..\CodeAnalyzerUI\CodeAnalyzerUI.csproj", "{1755AD01-196D-48C0-A6C2-700F3EE953C0}"
EndProject
Project("{FAE04EC0-301F-11D3-BF4B-00C04F79EFBC}") = "AnalysisService", "..\AnalysisService\AnalysisService.csproj", "{674B503E-4385-45F9-A1CD-2E15641A6F5B}"
EndProject
Global
	GlobalSection(SolutionConfigurationPlatforms) = preSolution
		Debug|Any CPU = Debug|Any CPU
		Release|Any CPU = Release|Any CPU
	EndGlobalSection
	GlobalSection(ProjectConfigurationPlatforms) = postSolution
		{4FD045B7-E8E6-4938-8E8C-509B0ECA86D8}.Debug|Any CPU.ActiveCfg = Debug|Any CPU
		{4FD045B7-E8E6-4938-8E8C-509B0ECA86D8}.Debug|Any CPU.Build.0 = Debug|Any CPU
		{4FD045B7-E8E6-4938-8E8C-509B0ECA86D8}.Release|Any CPU.ActiveCfg = Release|Any CPU
		{4FD045B7-E8E6-4938-8E8C-509B0ECA86D8}.Release|Any CPU.Build.0 = Release|Any CPU
		{0C75DE1E-9B9C-41A6-974A-0E6B287134CE}.Debug|Any CPU.ActiveCfg = Debug|Any CPU
		{0C75DE1E-9B9C-41A6-974A-0E6B287134CE}.Debug|Any CPU.Build.0 = Debug|Any CPU
		{0C75DE1E-9B9C-41A6-974A-0E6B287134CE}.Release|Any CPU.ActiveCfg = Release|Any CPU
		{0C75DE1E-9B9C-41A6-974A-0E6B287134CE}.Release|Any CPU.Build.0 = Release|Any CPU
		{1755AD01-196D-48C0-A6C2-700F3EE953C0}.Debug|Any CPU.ActiveCfg = Debug|Any CPU
		{1755AD01-196D-48C0-A6C2-700F3EE953C0}.Debug|Any CPU.Build.0 = Debug|Any CPU
		{1755AD01-196D-48C0-A6C2-700F3EE953C0}.Release|Any CPU.ActiveCfg = Release|Any CPU
		{1755AD01-196D-48C0-A6C2-700F3EE953C0}.Release|Any CPU.Build.0 = Release|Any CPU
		{674B503E-4385-45F9-A1CD-2E15641A6F5B}.Debug|Any CPU.ActiveCfg = Debug|Any CPU
		{674B503E-4385-45F9-A1CD-2E15641A6F5B}.Debug|Any CPU.Build.0 = Debug|Any CPU
		{674B503E-4385-45F9-A1CD-2E15641A6F5B}.Release|Any CPU.ActiveCfg = Release|Any CPU
		{674B503E-4385-45F9-A1CD-2E15641A6F5B}.Release|Any CPU.Build.0 = Release|Any CPU
	EndGlobalSection
	GlobalSection(SolutionProperties) = preSolution
		HideSolutionNode = FALSE
	EndGlobalSection
	GlobalSection(ExtensibilityGlobals) = postSolution
		SolutionGuid = {59D61D5C-EA8C-48D9-A2BB-C1AD821A22FC}
	EndGlobalSection
EndGlobal
